PODS:
  - MonetaryCounterView (0.1.1)

DEPENDENCIES:
  - MonetaryCounterView (from `../`)

EXTERNAL SOURCES:
  MonetaryCounterView:
    :path: "../"

SPEC CHECKSUMS:
  MonetaryCounterView: c53ee4cec8cab1e64a17766939853428a3809819

PODFILE CHECKSUM: 229602d5987782d38b18afd4d6662dce75d4036b

COCOAPODS: 1.11.2
